
Microsoft Visual Studio Solution File, Format Version 12.00
Project("{FAE04EC0-301F-11D3-BF4B-00C04F79EFBC}") = "SSP.EP.FunctionApp", "EventPlatform\SSP.EP.FunctionApp\SSP.EP.FunctionApp.csproj", "{158BEF76-7BED-4CE3-8E0F-286FC179E17E}"
EndProject
Project("{2150E333-8FDC-42A3-9474-1A3956D46DE8}") = "EventPlatform", "EventPlatform", "{2F81227B-962D-42A8-82BD-6411F1A1C40C}"
EndProject
Project("{2150E333-8FDC-42A3-9474-1A3956D46DE8}") = "Digital", "Digital", "{E2678D88-CCFA-46F0-A656-FE01CB6E7041}"
EndProject
Project("{FAE04EC0-301F-11D3-BF4B-00C04F79EFBC}") = "SSP.Digital.FunctionApp", "Digital\SSP.Digital.FunctionApp\SSP.Digital.FunctionApp.csproj", "{68ABC941-BA70-4E35-A23E-4C7FF710FB2D}"
EndProject
Project("{2150E333-8FDC-42A3-9474-1A3956D46DE8}") = "Common", "Common", "{D59DC40B-9061-4882-A4E3-A0FF0B4A3F08}"
EndProject
Project("{FAE04EC0-301F-11D3-BF4B-00C04F79EFBC}") = "SSP.Common", "Common\SSP.Common\SSP.Common.csproj", "{82B81905-EDA7-48EA-B679-3F303DDA4A4D}"
EndProject
Project("{FAE04EC0-301F-11D3-BF4B-00C04F79EFBC}") = "SSP.Common.Messaging", "Common\SSP.Common.Messaging\SSP.Common.Messaging.csproj", "{B8E8110A-A5BA-4277-9533-4C633665EBAC}"
EndProject
Project("{FAE04EC0-301F-11D3-BF4B-00C04F79EFBC}") = "SSP.EP.Application", "EventPlatform\SSP.EP.Application\SSP.EP.Application.csproj", "{0E2F069A-FC07-4E38-AA80-3DB162D8B07C}"
EndProject
Project("{FAE04EC0-301F-11D3-BF4B-00C04F79EFBC}") = "SSP.Events", "Common\SSP.Events\SSP.Events.csproj", "{214CC84D-C82F-4615-9587-89E885440657}"
EndProject
Project("{FAE04EC0-301F-11D3-BF4B-00C04F79EFBC}") = "SSP.Digital.Application", "Digital\SSP.Digital.Application\SSP.Digital.Application.csproj", "{71C6524A-6A09-4FF7-B333-82D01A4B7EEC}"
EndProject
Project("{2150E333-8FDC-42A3-9474-1A3956D46DE8}") = "Gateway", "Gateway", "{2FBFB351-2FDD-4A6B-9B7E-A08E937F0B90}"
EndProject
Project("{2150E333-8FDC-42A3-9474-1A3956D46DE8}") = "Meter", "Meter", "{AC0306FF-FB7E-4C61-B6BB-5B7AA13414C3}"
EndProject
Project("{2150E333-8FDC-42A3-9474-1A3956D46DE8}") = "Accounts", "Accounts", "{9D0C693E-FA7E-457A-9B7F-013C3232A29C}"
EndProject
Project("{FAE04EC0-301F-11D3-BF4B-00C04F79EFBC}") = "SSP.Digital.Gateway.Api", "Digital\SSP.Digital.Gateway.Api\SSP.Digital.Gateway.Api.csproj", "{F00DCCB7-7C8C-4569-998F-5DC7D71F14B2}"
EndProject
Project("{FAE04EC0-301F-11D3-BF4B-00C04F79EFBC}") = "SSP.Digital.Accounts.Api", "Digital\SSP.Digital.Accounts.Api\SSP.Digital.Accounts.Api.csproj", "{159C6113-2B13-46D2-86C2-42D44F51ECCB}"
EndProject
Project("{FAE04EC0-301F-11D3-BF4B-00C04F79EFBC}") = "SSP.Digital.Meter.Api", "Digital\SSP.Digital.Meter.Api\SSP.Digital.Meter.Api.csproj", "{A7A27D11-2E72-4816-BDFA-8EE0B85F129B}"
EndProject
Global
	GlobalSection(SolutionConfigurationPlatforms) = preSolution
		Debug|Any CPU = Debug|Any CPU
		Release|Any CPU = Release|Any CPU
	EndGlobalSection
	GlobalSection(ProjectConfigurationPlatforms) = postSolution
		{158BEF76-7BED-4CE3-8E0F-286FC179E17E}.Debug|Any CPU.ActiveCfg = Debug|Any CPU
		{158BEF76-7BED-4CE3-8E0F-286FC179E17E}.Debug|Any CPU.Build.0 = Debug|Any CPU
		{158BEF76-7BED-4CE3-8E0F-286FC179E17E}.Release|Any CPU.ActiveCfg = Release|Any CPU
		{158BEF76-7BED-4CE3-8E0F-286FC179E17E}.Release|Any CPU.Build.0 = Release|Any CPU
		{68ABC941-BA70-4E35-A23E-4C7FF710FB2D}.Debug|Any CPU.ActiveCfg = Debug|Any CPU
		{68ABC941-BA70-4E35-A23E-4C7FF710FB2D}.Debug|Any CPU.Build.0 = Debug|Any CPU
		{68ABC941-BA70-4E35-A23E-4C7FF710FB2D}.Release|Any CPU.ActiveCfg = Release|Any CPU
		{68ABC941-BA70-4E35-A23E-4C7FF710FB2D}.Release|Any CPU.Build.0 = Release|Any CPU
		{82B81905-EDA7-48EA-B679-3F303DDA4A4D}.Debug|Any CPU.ActiveCfg = Debug|Any CPU
		{82B81905-EDA7-48EA-B679-3F303DDA4A4D}.Debug|Any CPU.Build.0 = Debug|Any CPU
		{82B81905-EDA7-48EA-B679-3F303DDA4A4D}.Release|Any CPU.ActiveCfg = Release|Any CPU
		{82B81905-EDA7-48EA-B679-3F303DDA4A4D}.Release|Any CPU.Build.0 = Release|Any CPU
		{B8E8110A-A5BA-4277-9533-4C633665EBAC}.Debug|Any CPU.ActiveCfg = Debug|Any CPU
		{B8E8110A-A5BA-4277-9533-4C633665EBAC}.Debug|Any CPU.Build.0 = Debug|Any CPU
		{B8E8110A-A5BA-4277-9533-4C633665EBAC}.Release|Any CPU.ActiveCfg = Release|Any CPU
		{B8E8110A-A5BA-4277-9533-4C633665EBAC}.Release|Any CPU.Build.0 = Release|Any CPU
		{0E2F069A-FC07-4E38-AA80-3DB162D8B07C}.Debug|Any CPU.ActiveCfg = Debug|Any CPU
		{0E2F069A-FC07-4E38-AA80-3DB162D8B07C}.Debug|Any CPU.Build.0 = Debug|Any CPU
		{0E2F069A-FC07-4E38-AA80-3DB162D8B07C}.Release|Any CPU.ActiveCfg = Release|Any CPU
		{0E2F069A-FC07-4E38-AA80-3DB162D8B07C}.Release|Any CPU.Build.0 = Release|Any CPU
		{214CC84D-C82F-4615-9587-89E885440657}.Debug|Any CPU.ActiveCfg = Debug|Any CPU
		{214CC84D-C82F-4615-9587-89E885440657}.Debug|Any CPU.Build.0 = Debug|Any CPU
		{214CC84D-C82F-4615-9587-89E885440657}.Release|Any CPU.ActiveCfg = Release|Any CPU
		{214CC84D-C82F-4615-9587-89E885440657}.Release|Any CPU.Build.0 = Release|Any CPU
		{71C6524A-6A09-4FF7-B333-82D01A4B7EEC}.Debug|Any CPU.ActiveCfg = Debug|Any CPU
		{71C6524A-6A09-4FF7-B333-82D01A4B7EEC}.Debug|Any CPU.Build.0 = Debug|Any CPU
		{71C6524A-6A09-4FF7-B333-82D01A4B7EEC}.Release|Any CPU.ActiveCfg = Release|Any CPU
		{71C6524A-6A09-4FF7-B333-82D01A4B7EEC}.Release|Any CPU.Build.0 = Release|Any CPU
		{F00DCCB7-7C8C-4569-998F-5DC7D71F14B2}.Debug|Any CPU.ActiveCfg = Debug|Any CPU
		{F00DCCB7-7C8C-4569-998F-5DC7D71F14B2}.Debug|Any CPU.Build.0 = Debug|Any CPU
		{F00DCCB7-7C8C-4569-998F-5DC7D71F14B2}.Release|Any CPU.ActiveCfg = Release|Any CPU
		{F00DCCB7-7C8C-4569-998F-5DC7D71F14B2}.Release|Any CPU.Build.0 = Release|Any CPU
		{159C6113-2B13-46D2-86C2-42D44F51ECCB}.Debug|Any CPU.ActiveCfg = Debug|Any CPU
		{159C6113-2B13-46D2-86C2-42D44F51ECCB}.Debug|Any CPU.Build.0 = Debug|Any CPU
		{159C6113-2B13-46D2-86C2-42D44F51ECCB}.Release|Any CPU.ActiveCfg = Release|Any CPU
		{159C6113-2B13-46D2-86C2-42D44F51ECCB}.Release|Any CPU.Build.0 = Release|Any CPU
		{A7A27D11-2E72-4816-BDFA-8EE0B85F129B}.Debug|Any CPU.ActiveCfg = Debug|Any CPU
		{A7A27D11-2E72-4816-BDFA-8EE0B85F129B}.Debug|Any CPU.Build.0 = Debug|Any CPU
		{A7A27D11-2E72-4816-BDFA-8EE0B85F129B}.Release|Any CPU.ActiveCfg = Release|Any CPU
		{A7A27D11-2E72-4816-BDFA-8EE0B85F129B}.Release|Any CPU.Build.0 = Release|Any CPU
	EndGlobalSection
	GlobalSection(NestedProjects) = preSolution
		{158BEF76-7BED-4CE3-8E0F-286FC179E17E} = {2F81227B-962D-42A8-82BD-6411F1A1C40C}
		{68ABC941-BA70-4E35-A23E-4C7FF710FB2D} = {E2678D88-CCFA-46F0-A656-FE01CB6E7041}
		{82B81905-EDA7-48EA-B679-3F303DDA4A4D} = {D59DC40B-9061-4882-A4E3-A0FF0B4A3F08}
		{B8E8110A-A5BA-4277-9533-4C633665EBAC} = {D59DC40B-9061-4882-A4E3-A0FF0B4A3F08}
		{0E2F069A-FC07-4E38-AA80-3DB162D8B07C} = {2F81227B-962D-42A8-82BD-6411F1A1C40C}
		{214CC84D-C82F-4615-9587-89E885440657} = {D59DC40B-9061-4882-A4E3-A0FF0B4A3F08}
		{71C6524A-6A09-4FF7-B333-82D01A4B7EEC} = {E2678D88-CCFA-46F0-A656-FE01CB6E7041}
		{2FBFB351-2FDD-4A6B-9B7E-A08E937F0B90} = {E2678D88-CCFA-46F0-A656-FE01CB6E7041}
		{AC0306FF-FB7E-4C61-B6BB-5B7AA13414C3} = {E2678D88-CCFA-46F0-A656-FE01CB6E7041}
		{9D0C693E-FA7E-457A-9B7F-013C3232A29C} = {E2678D88-CCFA-46F0-A656-FE01CB6E7041}
		{F00DCCB7-7C8C-4569-998F-5DC7D71F14B2} = {2FBFB351-2FDD-4A6B-9B7E-A08E937F0B90}
		{159C6113-2B13-46D2-86C2-42D44F51ECCB} = {9D0C693E-FA7E-457A-9B7F-013C3232A29C}
		{A7A27D11-2E72-4816-BDFA-8EE0B85F129B} = {AC0306FF-FB7E-4C61-B6BB-5B7AA13414C3}
	EndGlobalSection
EndGlobal
